
Microsoft Visual Studio Solution File, Format Version 12.00
# Visual Studio 15
VisualStudioVersion = 15.0.28010.2019
MinimumVisualStudioVersion = 10.0.40219.1
Project("{9A19103F-16F7-4668-BE54-9A1E7A4F7556}") = "ConsoleApp8", "ConsoleApp8.csproj", "{35D35D80-EF45-4258-970F-85E55F4DB228}"
EndProject
Global
	GlobalSection(SolutionConfigurationPlatforms) = preSolution
		Debug|Any CPU = Debug|Any CPU
		Release|Any CPU = Release|Any CPU
	EndGlobalSection
	GlobalSection(ProjectConfigurationPlatforms) = postSolution
		{35D35D80-EF45-4258-970F-85E55F4DB228}.Debug|Any CPU.ActiveCfg = Debug|Any CPU
		{35D35D80-EF45-4258-970F-85E55F4DB228}.Debug|Any CPU.Build.0 = Debug|Any CPU
		{35D35D80-EF45-4258-970F-85E55F4DB228}.Release|Any CPU.ActiveCfg = Release|Any CPU
		{35D35D80-EF45-4258-970F-85E55F4DB228}.Release|Any CPU.Build.0 = Release|Any CPU
	EndGlobalSection
	GlobalSection(SolutionProperties) = preSolution
		HideSolutionNode = FALSE
	EndGlobalSection
	GlobalSection(ExtensibilityGlobals) = postSolution
		SolutionGuid = {FB676F42-F49B-4EE4-81AE-392CB3C38A9A}
	EndGlobalSection
EndGlobal
